
Microsoft Visual Studio Solution File, Format Version 12.00
# Visual Studio Version 17
VisualStudioVersion = 17.0.32112.339
MinimumVisualStudioVersion = 10.0.40219.1
Project("{FAE04EC0-301F-11D3-BF4B-00C04F79EFBC}") = "MainApp", "MainApp\MainApp.csproj", "{8F48477B-9B0D-4A14-8B11-20D516B53F5D}"
EndProject
Project("{FAE04EC0-301F-11D3-BF4B-00C04F79EFBC}") = "ClassProj", "ClassProj\ClassProj.csproj", "{14D32590-7CAF-427B-97AD-0E6C70ED89FB}"
EndProject
Global
	GlobalSection(SolutionConfigurationPlatforms) = preSolution
		Debug|Any CPU = Debug|Any CPU
		Release|Any CPU = Release|Any CPU
	EndGlobalSection
	GlobalSection(ProjectConfigurationPlatforms) = postSolution
		{8F48477B-9B0D-4A14-8B11-20D516B53F5D}.Debug|Any CPU.ActiveCfg = Debug|Any CPU
		{8F48477B-9B0D-4A14-8B11-20D516B53F5D}.Debug|Any CPU.Build.0 = Debug|Any CPU
		{8F48477B-9B0D-4A14-8B11-20D516B53F5D}.Release|Any CPU.ActiveCfg = Release|Any CPU
		{8F48477B-9B0D-4A14-8B11-20D516B53F5D}.Release|Any CPU.Build.0 = Release|Any CPU
		{14D32590-7CAF-427B-97AD-0E6C70ED89FB}.Debug|Any CPU.ActiveCfg = Debug|Any CPU
		{14D32590-7CAF-427B-97AD-0E6C70ED89FB}.Debug|Any CPU.Build.0 = Debug|Any CPU
		{14D32590-7CAF-427B-97AD-0E6C70ED89FB}.Release|Any CPU.ActiveCfg = Release|Any CPU
		{14D32590-7CAF-427B-97AD-0E6C70ED89FB}.Release|Any CPU.Build.0 = Release|Any CPU
	EndGlobalSection
	GlobalSection(SolutionProperties) = preSolution
		HideSolutionNode = FALSE
	EndGlobalSection
	GlobalSection(ExtensibilityGlobals) = postSolution
		SolutionGuid = {B999DFC4-9218-4D2D-9BA1-C105E644420C}
	EndGlobalSection
EndGlobal
